
Microsoft Visual Studio Solution File, Format Version 12.00
# Visual Studio Version 16
VisualStudioVersion = 16.0.31702.278
MinimumVisualStudioVersion = 10.0.40219.1
Project("{FAE04EC0-301F-11D3-BF4B-00C04F79EFBC}") = "HTML CSS", "HTML CSS\HTML CSS.csproj", "{C28D576E-E825-4D25-A89C-14514DE909DB}"
EndProject
Global
	GlobalSection(SolutionConfigurationPlatforms) = preSolution
		Debug|Any CPU = Debug|Any CPU
		Release|Any CPU = Release|Any CPU
	EndGlobalSection
	GlobalSection(ProjectConfigurationPlatforms) = postSolution
		{C28D576E-E825-4D25-A89C-14514DE909DB}.Debug|Any CPU.ActiveCfg = Debug|Any CPU
		{C28D576E-E825-4D25-A89C-14514DE909DB}.Debug|Any CPU.Build.0 = Debug|Any CPU
		{C28D576E-E825-4D25-A89C-14514DE909DB}.Release|Any CPU.ActiveCfg = Release|Any CPU
		{C28D576E-E825-4D25-A89C-14514DE909DB}.Release|Any CPU.Build.0 = Release|Any CPU
	EndGlobalSection
	GlobalSection(SolutionProperties) = preSolution
		HideSolutionNode = FALSE
	EndGlobalSection
	GlobalSection(ExtensibilityGlobals) = postSolution
		SolutionGuid = {72D90D4B-97C5-44C1-B22B-1A3BA67AC3FF}
	EndGlobalSection
EndGlobal
